// !$*UTF8*$!
{
	archiveVersion = 1;
	classes = {
	};
	objectVersion = 46;
	objects = {

/* Begin PBXBuildFile section */
		6FA93DEC1D28B6ED00999301 /* AppDelegate.swift in Sources */ = {isa = PBXBuildFile; fileRef = 6FA93DEB1D28B6ED00999301 /* AppDelegate.swift */; };
		6FA93DEE1D28B6ED00999301 /* ViewController.swift in Sources */ = {isa = PBXBuildFile; fileRef = 6FA93DED1D28B6ED00999301 /* ViewController.swift */; };
		6FA93DF11D28B6ED00999301 /* Main.storyboard in Resources */ = {isa = PBXBuildFile; fileRef = 6FA93DEF1D28B6ED00999301 /* Main.storyboard */; };
		6FA93DF31D28B6ED00999301 /* Assets.xcassets in Resources */ = {isa = PBXBuildFile; fileRef = 6FA93DF21D28B6ED00999301 /* Assets.xcassets */; };
		6FA93DF61D28B6ED00999301 /* LaunchScreen.storyboard in Resources */ = {isa = PBXBuildFile; fileRef = 6FA93DF41D28B6ED00999301 /* LaunchScreen.storyboard */; };
		6FA93DFE1D28B70800999301 /* InteractiveCollectionViewCell.swift in Sources */ = {isa = PBXBuildFile; fileRef = 6FA93DFD1D28B70800999301 /* InteractiveCollectionViewCell.swift */; };
/* End PBXBuildFile section */

/* Begin PBXFileReference section */
		6FA93DE81D28B6ED00999301 /* InteractiveCollectionViewCell.app */ = {isa = PBXFileReference; explicitFileType = wrapper.application; includeInIndex = 0; path = InteractiveCollectionViewCell.app; sourceTree = BUILT_PRODUCTS_DIR; };
		6FA93DEB1D28B6ED00999301 /* AppDelegate.swift */ = {isa = PBXFileReference; lastKnownFileType = sourcecode.swift; path = AppDelegate.swift; sourceTree = "<group>"; };
		6FA93DED1D28B6ED00999301 /* ViewController.swift */ = {isa = PBXFileReference; lastKnownFileType = sourcecode.swift; path = ViewController.swift; sourceTree = "<group>"; };
		6FA93DF01D28B6ED00999301 /* Base */ = {isa = PBXFileReference; lastKnownFileType = file.storyboard; name = Base; path = Base.lproj/Main.storyboard; sourceTree = "<group>"; };
		6FA93DF21D28B6ED00999301 /* Assets.xcassets */ = {isa = PBXFileReference; lastKnownFileType = folder.assetcatalog; path = Assets.xcassets; sourceTree = "<group>"; };
		6FA93DF51D28B6ED00999301 /* Base */ = {isa = PBXFileReference; lastKnownFileType = file.storyboard; name = Base; path = Base.lproj/LaunchScreen.storyboard; sourceTree = "<group>"; };
		6FA93DF71D28B6ED00999301 /* Info.plist */ = {isa = PBXFileReference; lastKnownFileType = text.plist.xml; path = Info.plist; sourceTree = "<group>"; };
		6FA93DFD1D28B70800999301 /* InteractiveCollectionViewCell.swift */ = {isa = PBXFileReference; fileEncoding = 4; lastKnownFileType = sourcecode.swift; path = InteractiveCollectionViewCell.swift; sourceTree = "<group>"; };
/* End PBXFileReference section */

/* Begin PBXFrameworksBuildPhase section */
		6FA93DE51D28B6ED00999301 /* Frameworks */ = {
			isa = PBXFrameworksBuildPhase;
			buildActionMask = 2147483647;
			files = (
			);
			runOnlyForDeploymentPostprocessing = 0;
		};
/* End PBXFrameworksBuildPhase section */

/* Begin PBXGroup section */
		6FA93DDF1D28B6ED00999301 = {
			isa = PBXGroup;
			children = (
				6FA93DEA1D28B6ED00999301 /* InteractiveCollectionViewCell */,
				6FA93DE91D28B6ED00999301 /* Products */,
			);
			sourceTree = "<group>";
		};
		6FA93DE91D28B6ED00999301 /* Products */ = {
			isa = PBXGroup;
			children = (
				6FA93DE81D28B6ED00999301 /* InteractiveCollectionViewCell.app */,
			);
			name = Products;
			sourceTree = "<group>";
		};
		6FA93DEA1D28B6ED00999301 /* InteractiveCollectionViewCell */ = {
			isa = PBXGroup;
			children = (
				6FA93DEB1D28B6ED00999301 /* AppDelegate.swift */,
				6FA93DED1D28B6ED00999301 /* ViewController.swift */,
				6FA93DFD1D28B70800999301 /* InteractiveCollectionViewCell.swift */,
				6FA93DEF1D28B6ED00999301 /* Main.storyboard */,
				6FA93DF21D28B6ED00999301 /* Assets.xcassets */,
				6FA93DF41D28B6ED00999301 /* LaunchScreen.storyboard */,
				6FA93DF71D28B6ED00999301 /* Info.plist */,
			);
			path = InteractiveCollectionViewCell;
			sourceTree = "<group>";
		};
/* End PBXGroup section */

/* Begin PBXNativeTarget section */
		6FA93DE71D28B6ED00999301 /* InteractiveCollectionViewCell */ = {
			isa = PBXNativeTarget;
			buildConfigurationList = 6FA93DFA1D28B6ED00999301 /* Build configuration list for PBXNativeTarget "InteractiveCollectionViewCell" */;
			buildPhases = (
				6FA93DE41D28B6ED00999301 /* Sources */,
				6FA93DE51D28B6ED00999301 /* Frameworks */,
				6FA93DE61D28B6ED00999301 /* Resources */,
			);
			buildRules = (
			);
			dependencies = (
			);
			name = InteractiveCollectionViewCell;
			productName = InteractiveCollectionViewCell;
			productReference = 6FA93DE81D28B6ED00999301 /* InteractiveCollectionViewCell.app */;
			productType = "com.apple.product-type.application";
		};
/* End PBXNativeTarget section */

/* Begin PBXProject section */
		6FA93DE01D28B6ED00999301 /* Project object */ = {
			isa = PBXProject;
			attributes = {
				LastSwiftUpdateCheck = 0730;
				LastUpgradeCheck = 0730;
				ORGANIZATIONNAME = "Howard Lee";
				TargetAttributes = {
					6FA93DE71D28B6ED00999301 = {
						CreatedOnToolsVersion = 7.3.1;
						DevelopmentTeam = GUH86RHVQR;
					};
				};
			};
			buildConfigurationList = 6FA93DE31D28B6ED00999301 /* Build configuration list for PBXProject "InteractiveCollectionViewCell" */;
			compatibilityVersion = "Xcode 3.2";
			developmentRegion = English;
			hasScannedForEncodings = 0;
			knownRegions = (
				en,
				Base,
			);
			mainGroup = 6FA93DDF1D28B6ED00999301;
			productRefGroup = 6FA93DE91D28B6ED00999301 /* Products */;
			projectDirPath = "";
			projectRoot = "";
			targets = (
				6FA93DE71D28B6ED00999301 /* InteractiveCollectionViewCell */,
			);
		};
/* End PBXProject section */

/* Begin PBXResourcesBuildPhase section */
		6FA93DE61D28B6ED00999301 /* Resources */ = {
			isa = PBXResourcesBuildPhase;
			buildActionMask = 2147483647;
			files = (
				6FA93DF61D28B6ED00999301 /* LaunchScreen.storyboard in Resources */,
				6FA93DF31D28B6ED00999301 /* Assets.xcassets in Resources */,
				6FA93DF11D28B6ED00999301 /* Main.storyboard in Resources */,
			);
			runOnlyForDeploymentPostprocessing = 0;
		};
/* End PBXResourcesBuildPhase section */

/* Begin PBXSourcesBuildPhase section */
		6FA93DE41D28B6ED00999301 /* Sources */ = {
			isa = PBXSourcesBuildPhase;
			buildActionMask = 2147483647;
			files = (
				6FA93DEE1D28B6ED00999301 /* ViewController.swift in Sources */,
				6FA93DFE1D28B70800999301 /* InteractiveCollectionViewCell.swift in Sources */,
				6FA93DEC1D28B6ED00999301 /* AppDelegate.swift in Sources */,
			);
			runOnlyForDeploymentPostprocessing = 0;
		};
/* End PBXSourcesBuildPhase section */

/* Begin PBXVariantGroup section */
		6FA93DEF1D28B6ED00999301 /* Main.storyboard */ = {
			isa = PBXVariantGroup;
			children = (
				6FA93DF01D28B6ED00999301 /* Base */,
			);
			name = Main.storyboard;
			sourceTree = "<group>";
		};
		6FA93DF41D28B6ED00999301 /* LaunchScreen.storyboard */ = {
			isa = PBXVariantGroup;
			children = (
				6FA93DF51D28B6ED00999301 /* Base */,
			);
			name = LaunchScreen.storyboard;
			sourceTree = "<group>";
		};
/* End PBXVariantGroup section */

/* Begin XCBuildConfiguration section */
		6FA93DF81D28B6ED00999301 /* Debug */ = {
			isa = XCBuildConfiguration;
			buildSettings = {
				ALWAYS_SEARCH_USER_PATHS = NO;
				CLANG_ANALYZER_NONNULL = YES;
				CLANG_CXX_LANGUAGE_STANDARD = "gnu++0x";
				CLANG_CXX_LIBRARY = "libc++";
				CLANG_ENABLE_MODULES = YES;
				CLANG_ENABLE_OBJC_ARC = YES;
				CLANG_WARN_BOOL_CONVERSION = YES;
				CLANG_WARN_CONSTANT_CONVERSION = YES;
				CLANG_WARN_DIRECT_OBJC_ISA_USAGE = YES_ERROR;
				CLANG_WARN_EMPTY_BODY = YES;
				CLANG_WARN_ENUM_CONVERSION = YES;
				CLANG_WARN_INT_CONVERSION = YES;
				CLANG_WARN_OBJC_ROOT_CLASS = YES_ERROR;
				CLANG_WARN_UNREACHABLE_CODE = YES;
				CLANG_WARN__DUPLICATE_METHOD_MATCH = YES;
				"CODE_SIGN_IDENTITY[sdk=iphoneos*]" = "iPhone Developer";
				COPY_PHASE_STRIP = NO;
				DEBUG_INFORMATION_FORMAT = dwarf;
				ENABLE_STRICT_OBJC_MSGSEND = YES;
				ENABLE_TESTABILITY = YES;
				GCC_C_LANGUAGE_STANDARD = gnu99;
				GCC_DYNAMIC_NO_PIC = NO;
				GCC_NO_COMMON_BLOCKS = YES;
				GCC_OPTIMIZATION_LEVEL = 0;
				GCC_PREPROCESSOR_DEFINITIONS = (
					"DEBUG=1",
					"$(inherited)",
				);
				GCC_WARN_64_TO_32_BIT_CONVERSION = YES;
				GCC_WARN_ABOUT_RETURN_TYPE = YES_ERROR;
				GCC_WARN_UNDECLARED_SELECTOR = YES;
				GCC_WARN_UNINITIALIZED_AUTOS = YES_AGGRESSIVE;
				GCC_WARN_UNUSED_FUNCTION = YES;
				GCC_WARN_UNUSED_VARIABLE = YES;
				IPHONEOS_DEPLOYMENT_TARGET = 9.3;
				MTL_ENABLE_DEBUG_INFO = YES;
				ONLY_ACTIVE_ARCH = YES;
				SDKROOT = iphoneos;
				SWIFT_OPTIMIZATION_LEVEL = "-Onone";
				TARGETED_DEVICE_FAMILY = "1,2";
			};
			name = Debug;
		};
		6FA93DF91D28B6ED00999301 /* Release */ = {
			isa = XCBuildConfiguration;
			buildSettings = {
				ALWAYS_SEARCH_USER_PATHS = NO;
				CLANG_ANALYZER_NONNULL = YES;
				CLANG_CXX_LANGUAGE_STANDARD = "gnu++0x";
				CLANG_CXX_LIBRARY = "libc++";
				CLANG_ENABLE_MODULES = YES;
				CLANG_ENABLE_OBJC_ARC = YES;
				CLANG_WARN_BOOL_CONVERSION = YES;
				CLANG_WARN_CONSTANT_CONVERSION = YES;
				CLANG_WARN_DIRECT_OBJC_ISA_USAGE = YES_ERROR;
				CLANG_WARN_EMPTY_BODY = YES;
				CLANG_WARN_ENUM_CONVERSION = YES;
				CLANG_WARN_INT_CONVERSION = YES;
				CLANG_WARN_OBJC_ROOT_CLASS = YES_ERROR;
				CLANG_WARN_UNREACHABLE_CODE = YES;
				CLANG_WARN__DUPLICATE_METHOD_MATCH = YES;
				"CODE_SIGN_IDENTITY[sdk=iphoneos*]" = "iPhone Developer";
				COPY_PHASE_STRIP = NO;
				DEBUG_INFORMATION_FORMAT = "dwarf-with-dsym";
				ENABLE_NS_ASSERTIONS = NO;
				ENABLE_STRICT_OBJC_MSGSEND = YES;
				GCC_C_LANGUAGE_STANDARD = gnu99;
				GCC_NO_COMMON_BLOCKS = YES;
				GCC_WARN_64_TO_32_BIT_CONVERSION = YES;
				GCC_WARN_ABOUT_RETURN_TYPE = YES_ERROR;
				GCC_WARN_UNDECLARED_SELECTOR = YES;
				GCC_WARN_UNINITIALIZED_AUTOS = YES_AGGRESSIVE;
				GCC_WARN_UNUSED_FUNCTION = YES;
				GCC_WARN_UNUSED_VARIABLE = YES;
				IPHONEOS_DEPLOYMENT_TARGET = 9.3;
				MTL_ENABLE_DEBUG_INFO = NO;
				SDKROOT = iphoneos;
				TARGETED_DEVICE_FAMILY = "1,2";
				VALIDATE_PRODUCT = YES;
			};
			name = Release;
		};
		6FA93DFB1D28B6ED00999301 /* Debug */ = {
			isa = XCBuildConfiguration;
			buildSettings = {
				ASSETCATALOG_COMPILER_APPICON_NAME = AppIcon;
				INFOPLIST_FILE = InteractiveCollectionViewCell/Info.plist;
				LD_RUNPATH_SEARCH_PATHS = "$(inherited) @executable_path/Frameworks";
				PRODUCT_BUNDLE_IDENTIFIER = com.howardlee.InteractiveCollectionViewCell;
				PRODUCT_NAME = "$(TARGET_NAME)";
			};
			name = Debug;
		};
		6FA93DFC1D28B6ED00999301 /* Release */ = {
			isa = XCBuildConfiguration;
			buildSettings = {
				ASSETCATALOG_COMPILER_APPICON_NAME = AppIcon;
				INFOPLIST_FILE = InteractiveCollectionViewCell/Info.plist;
				LD_RUNPATH_SEARCH_PATHS = "$(inherited) @executable_path/Frameworks";
				PRODUCT_BUNDLE_IDENTIFIER = com.howardlee.InteractiveCollectionViewCell;
				PRODUCT_NAME = "$(TARGET_NAME)";
			};
			name = Release;
		};
/* End XCBuildConfiguration section */

/* Begin XCConfigurationList section */
		6FA93DE31D28B6ED00999301 /* Build configuration list for PBXProject "InteractiveCollectionViewCell" */ = {
			isa = XCConfigurationList;
			buildConfigurations = (
				6FA93DF81D28B6ED00999301 /* Debug */,
				6FA93DF91D28B6ED00999301 /* Release */,
			);
			defaultConfigurationIsVisible = 0;
			defaultConfigurationName = Release;
		};
		6FA93DFA1D28B6ED00999301 /* Build configuration list for PBXNativeTarget "InteractiveCollectionViewCell" */ = {
			isa = XCConfigurationList;
			buildConfigurations = (
				6FA93DFB1D28B6ED00999301 /* Debug */,
				6FA93DFC1D28B6ED00999301 /* Release */,
			);
			defaultConfigurationIsVisible = 0;
		};
/* End XCConfigurationList section */
	};
	rootObject = 6FA93DE01D28B6ED00999301 /* Project object */;
}
